
Microsoft Visual Studio Solution File, Format Version 12.00
# Visual Studio Version 17
VisualStudioVersion = 17.14.36915.13 d17.14
MinimumVisualStudioVersion = 10.0.40219.1
Project("{FAE04EC0-301F-11D3-BF4B-00C04F79EFBC}") = "lab6", "lab6\lab6.csproj", "{D66BF941-D1A0-4583-8E23-CC19480E24F1}"
EndProject
Global
	GlobalSection(SolutionConfigurationPlatforms) = preSolution
		Debug|Any CPU = Debug|Any CPU
		Release|Any CPU = Release|Any CPU
	EndGlobalSection
	GlobalSection(ProjectConfigurationPlatforms) = postSolution
		{D66BF941-D1A0-4583-8E23-CC19480E24F1}.Debug|Any CPU.ActiveCfg = Debug|Any CPU
		{D66BF941-D1A0-4583-8E23-CC19480E24F1}.Debug|Any CPU.Build.0 = Debug|Any CPU
		{D66BF941-D1A0-4583-8E23-CC19480E24F1}.Release|Any CPU.ActiveCfg = Release|Any CPU
		{D66BF941-D1A0-4583-8E23-CC19480E24F1}.Release|Any CPU.Build.0 = Release|Any CPU
	EndGlobalSection
	GlobalSection(SolutionProperties) = preSolution
		HideSolutionNode = FALSE
	EndGlobalSection
	GlobalSection(ExtensibilityGlobals) = postSolution
		SolutionGuid = {7226803F-680B-439A-A326-BA5D910602A2}
	EndGlobalSection
EndGlobal
